
Microsoft Visual Studio Solution File, Format Version 12.00
# Visual Studio Version 17
VisualStudioVersion = 17.3.32929.385
MinimumVisualStudioVersion = 10.0.40219.1
Project("{FAE04EC0-301F-11D3-BF4B-00C04F79EFBC}") = "Emailer", "Emailer\Emailer.csproj", "{3D0B5ED2-1D94-4661-8091-F6F3B0344D9C}"
EndProject
Global
	GlobalSection(SolutionConfigurationPlatforms) = preSolution
		Debug|Any CPU = Debug|Any CPU
		Release|Any CPU = Release|Any CPU
	EndGlobalSection
	GlobalSection(ProjectConfigurationPlatforms) = postSolution
		{3D0B5ED2-1D94-4661-8091-F6F3B0344D9C}.Debug|Any CPU.ActiveCfg = Debug|Any CPU
		{3D0B5ED2-1D94-4661-8091-F6F3B0344D9C}.Debug|Any CPU.Build.0 = Debug|Any CPU
		{3D0B5ED2-1D94-4661-8091-F6F3B0344D9C}.Release|Any CPU.ActiveCfg = Release|Any CPU
		{3D0B5ED2-1D94-4661-8091-F6F3B0344D9C}.Release|Any CPU.Build.0 = Release|Any CPU
	EndGlobalSection
	GlobalSection(SolutionProperties) = preSolution
		HideSolutionNode = FALSE
	EndGlobalSection
	GlobalSection(ExtensibilityGlobals) = postSolution
		SolutionGuid = {92A94C4D-6191-4EB0-B718-12B554435D57}
	EndGlobalSection
EndGlobal
